// !$*UTF8*$!
{
	archiveVersion = 1;
	classes = {
	};
	objectVersion = 50;
	objects = {

/* Begin PBXBuildFile section */
		3010DFAB217AE2BD00D8B387 /* FiveSensesUITests.swift in Sources */ = {isa = PBXBuildFile; fileRef = 3010DFAA217AE2BD00D8B387 /* FiveSensesUITests.swift */; };
		3010DFB5217B738900D8B387 /* SnapshotHelper.swift in Sources */ = {isa = PBXBuildFile; fileRef = 3010DFB4217B738900D8B387 /* SnapshotHelper.swift */; };
		305503372177E758006C43A2 /* AppDelegate.swift in Sources */ = {isa = PBXBuildFile; fileRef = 305503362177E758006C43A2 /* AppDelegate.swift */; };
		3055033E2177E758006C43A2 /* Main.storyboard in Resources */ = {isa = PBXBuildFile; fileRef = 3055033C2177E758006C43A2 /* Main.storyboard */; };
		305503402177E759006C43A2 /* Assets.xcassets in Resources */ = {isa = PBXBuildFile; fileRef = 3055033F2177E759006C43A2 /* Assets.xcassets */; };
		305503432177E759006C43A2 /* LaunchScreen.storyboard in Resources */ = {isa = PBXBuildFile; fileRef = 305503412177E759006C43A2 /* LaunchScreen.storyboard */; };
		3055034E2177E759006C43A2 /* FiveSensesTests.swift in Sources */ = {isa = PBXBuildFile; fileRef = 3055034D2177E759006C43A2 /* FiveSensesTests.swift */; };
		3055035D21782910006C43A2 /* AccelerometerViewController.swift in Sources */ = {isa = PBXBuildFile; fileRef = 3055035C21782910006C43A2 /* AccelerometerViewController.swift */; };
		3055035F21783A08006C43A2 /* GyroscopeViewController.swift in Sources */ = {isa = PBXBuildFile; fileRef = 3055035E21783A08006C43A2 /* GyroscopeViewController.swift */; };
		3055036121783B56006C43A2 /* CompasViewController.swift in Sources */ = {isa = PBXBuildFile; fileRef = 3055036021783B56006C43A2 /* CompasViewController.swift */; };
		3055036421783BE9006C43A2 /* RunnerButton.swift in Sources */ = {isa = PBXBuildFile; fileRef = 3055036321783BE9006C43A2 /* RunnerButton.swift */; };
		3055036621783F7B006C43A2 /* LocationViewController.swift in Sources */ = {isa = PBXBuildFile; fileRef = 3055036521783F7B006C43A2 /* LocationViewController.swift */; };
		3076FF482178FC4C00635174 /* Double+Present.swift in Sources */ = {isa = PBXBuildFile; fileRef = 3076FF472178FC4C00635174 /* Double+Present.swift */; };
		3076FF4A2179076600635174 /* Double+Radiants.swift in Sources */ = {isa = PBXBuildFile; fileRef = 3076FF492179076600635174 /* Double+Radiants.swift */; };
		30BB869821785898003F97DB /* MapkitViewController.swift in Sources */ = {isa = PBXBuildFile; fileRef = 30BB869721785898003F97DB /* MapkitViewController.swift */; };
		30BB869B21785928003F97DB /* MapKit.framework in Frameworks */ = {isa = PBXBuildFile; fileRef = 30BB869A21785928003F97DB /* MapKit.framework */; };
/* End PBXBuildFile section */

/* Begin PBXContainerItemProxy section */
		3010DFAD217AE2BD00D8B387 /* PBXContainerItemProxy */ = {
			isa = PBXContainerItemProxy;
			containerPortal = 3055032B2177E758006C43A2 /* Project object */;
			proxyType = 1;
			remoteGlobalIDString = 305503322177E758006C43A2;
			remoteInfo = FiveSenses;
		};
		3055034A2177E759006C43A2 /* PBXContainerItemProxy */ = {
			isa = PBXContainerItemProxy;
			containerPortal = 3055032B2177E758006C43A2 /* Project object */;
			proxyType = 1;
			remoteGlobalIDString = 305503322177E758006C43A2;
			remoteInfo = FiveSenses;
		};
/* End PBXContainerItemProxy section */

/* Begin PBXFileReference section */
		3010DFA8217AE2BD00D8B387 /* FiveSensesUITests.xctest */ = {isa = PBXFileReference; explicitFileType = wrapper.cfbundle; includeInIndex = 0; path = FiveSensesUITests.xctest; sourceTree = BUILT_PRODUCTS_DIR; };
		3010DFAA217AE2BD00D8B387 /* FiveSensesUITests.swift */ = {isa = PBXFileReference; lastKnownFileType = sourcecode.swift; path = FiveSensesUITests.swift; sourceTree = "<group>"; };
		3010DFAC217AE2BD00D8B387 /* Info.plist */ = {isa = PBXFileReference; lastKnownFileType = text.plist.xml; path = Info.plist; sourceTree = "<group>"; };
		3010DFB4217B738900D8B387 /* SnapshotHelper.swift */ = {isa = PBXFileReference; fileEncoding = 4; lastKnownFileType = sourcecode.swift; path = SnapshotHelper.swift; sourceTree = "<group>"; };
		305503332177E758006C43A2 /* FiveSenses.app */ = {isa = PBXFileReference; explicitFileType = wrapper.application; includeInIndex = 0; path = FiveSenses.app; sourceTree = BUILT_PRODUCTS_DIR; };
		305503362177E758006C43A2 /* AppDelegate.swift */ = {isa = PBXFileReference; lastKnownFileType = sourcecode.swift; path = AppDelegate.swift; sourceTree = "<group>"; };
		3055033D2177E758006C43A2 /* Base */ = {isa = PBXFileReference; lastKnownFileType = file.storyboard; name = Base; path = Base.lproj/Main.storyboard; sourceTree = "<group>"; };
		3055033F2177E759006C43A2 /* Assets.xcassets */ = {isa = PBXFileReference; lastKnownFileType = folder.assetcatalog; path = Assets.xcassets; sourceTree = "<group>"; };
		305503422177E759006C43A2 /* Base */ = {isa = PBXFileReference; lastKnownFileType = file.storyboard; name = Base; path = Base.lproj/LaunchScreen.storyboard; sourceTree = "<group>"; };
		305503442177E759006C43A2 /* Info.plist */ = {isa = PBXFileReference; lastKnownFileType = text.plist.xml; path = Info.plist; sourceTree = "<group>"; };
		305503492177E759006C43A2 /* FiveSensesTests.xctest */ = {isa = PBXFileReference; explicitFileType = wrapper.cfbundle; includeInIndex = 0; path = FiveSensesTests.xctest; sourceTree = BUILT_PRODUCTS_DIR; };
		3055034D2177E759006C43A2 /* FiveSensesTests.swift */ = {isa = PBXFileReference; lastKnownFileType = sourcecode.swift; path = FiveSensesTests.swift; sourceTree = "<group>"; };
		3055034F2177E759006C43A2 /* Info.plist */ = {isa = PBXFileReference; lastKnownFileType = text.plist.xml; path = Info.plist; sourceTree = "<group>"; };
		3055035C21782910006C43A2 /* AccelerometerViewController.swift */ = {isa = PBXFileReference; lastKnownFileType = sourcecode.swift; path = AccelerometerViewController.swift; sourceTree = "<group>"; };
		3055035E21783A08006C43A2 /* GyroscopeViewController.swift */ = {isa = PBXFileReference; lastKnownFileType = sourcecode.swift; path = GyroscopeViewController.swift; sourceTree = "<group>"; };
		3055036021783B56006C43A2 /* CompasViewController.swift */ = {isa = PBXFileReference; lastKnownFileType = sourcecode.swift; path = CompasViewController.swift; sourceTree = "<group>"; };
		3055036321783BE9006C43A2 /* RunnerButton.swift */ = {isa = PBXFileReference; lastKnownFileType = sourcecode.swift; path = RunnerButton.swift; sourceTree = "<group>"; };
		3055036521783F7B006C43A2 /* LocationViewController.swift */ = {isa = PBXFileReference; lastKnownFileType = sourcecode.swift; path = LocationViewController.swift; sourceTree = "<group>"; };
		3076FF472178FC4C00635174 /* Double+Present.swift */ = {isa = PBXFileReference; lastKnownFileType = sourcecode.swift; path = "Double+Present.swift"; sourceTree = "<group>"; };
		3076FF492179076600635174 /* Double+Radiants.swift */ = {isa = PBXFileReference; lastKnownFileType = sourcecode.swift; path = "Double+Radiants.swift"; sourceTree = "<group>"; };
		30BB869721785898003F97DB /* MapkitViewController.swift */ = {isa = PBXFileReference; lastKnownFileType = sourcecode.swift; path = MapkitViewController.swift; sourceTree = "<group>"; };
		30BB869A21785928003F97DB /* MapKit.framework */ = {isa = PBXFileReference; lastKnownFileType = wrapper.framework; name = MapKit.framework; path = System/Library/Frameworks/MapKit.framework; sourceTree = SDKROOT; };
/* End PBXFileReference section */

/* Begin PBXFrameworksBuildPhase section */
		3010DFA5217AE2BD00D8B387 /* Frameworks */ = {
			isa = PBXFrameworksBuildPhase;
			buildActionMask = 2147483647;
			files = (
			);
			runOnlyForDeploymentPostprocessing = 0;
		};
		305503302177E758006C43A2 /* Frameworks */ = {
			isa = PBXFrameworksBuildPhase;
			buildActionMask = 2147483647;
			files = (
				30BB869B21785928003F97DB /* MapKit.framework in Frameworks */,
			);
			runOnlyForDeploymentPostprocessing = 0;
		};
		305503462177E759006C43A2 /* Frameworks */ = {
			isa = PBXFrameworksBuildPhase;
			buildActionMask = 2147483647;
			files = (
			);
			runOnlyForDeploymentPostprocessing = 0;
		};
/* End PBXFrameworksBuildPhase section */

/* Begin PBXGroup section */
		3010DFA9217AE2BD00D8B387 /* FiveSensesUITests */ = {
			isa = PBXGroup;
			children = (
				3010DFB4217B738900D8B387 /* SnapshotHelper.swift */,
				3010DFAA217AE2BD00D8B387 /* FiveSensesUITests.swift */,
				3010DFAC217AE2BD00D8B387 /* Info.plist */,
			);
			path = FiveSensesUITests;
			sourceTree = "<group>";
		};
		3055032A2177E758006C43A2 = {
			isa = PBXGroup;
			children = (
				305503352177E758006C43A2 /* FiveSenses */,
				3055034C2177E759006C43A2 /* FiveSensesTests */,
				3010DFA9217AE2BD00D8B387 /* FiveSensesUITests */,
				305503342177E758006C43A2 /* Products */,
				30BB869921785928003F97DB /* Frameworks */,
			);
			sourceTree = "<group>";
		};
		305503342177E758006C43A2 /* Products */ = {
			isa = PBXGroup;
			children = (
				305503332177E758006C43A2 /* FiveSenses.app */,
				305503492177E759006C43A2 /* FiveSensesTests.xctest */,
				3010DFA8217AE2BD00D8B387 /* FiveSensesUITests.xctest */,
			);
			name = Products;
			sourceTree = "<group>";
		};
		305503352177E758006C43A2 /* FiveSenses */ = {
			isa = PBXGroup;
			children = (
				3055035A21782764006C43A2 /* Controllers */,
				3055036221783BB1006C43A2 /* Views */,
				305503362177E758006C43A2 /* AppDelegate.swift */,
				3055033C2177E758006C43A2 /* Main.storyboard */,
				3055033F2177E759006C43A2 /* Assets.xcassets */,
				305503412177E759006C43A2 /* LaunchScreen.storyboard */,
				305503442177E759006C43A2 /* Info.plist */,
				3076FF472178FC4C00635174 /* Double+Present.swift */,
				3076FF492179076600635174 /* Double+Radiants.swift */,
			);
			path = FiveSenses;
			sourceTree = "<group>";
		};
		3055034C2177E759006C43A2 /* FiveSensesTests */ = {
			isa = PBXGroup;
			children = (
				3055034D2177E759006C43A2 /* FiveSensesTests.swift */,
				3055034F2177E759006C43A2 /* Info.plist */,
			);
			path = FiveSensesTests;
			sourceTree = "<group>";
		};
		3055035A21782764006C43A2 /* Controllers */ = {
			isa = PBXGroup;
			children = (
				3055035C21782910006C43A2 /* AccelerometerViewController.swift */,
				3055035E21783A08006C43A2 /* GyroscopeViewController.swift */,
				3055036021783B56006C43A2 /* CompasViewController.swift */,
				3055036521783F7B006C43A2 /* LocationViewController.swift */,
				30BB869721785898003F97DB /* MapkitViewController.swift */,
			);
			path = Controllers;
			sourceTree = "<group>";
		};
		3055036221783BB1006C43A2 /* Views */ = {
			isa = PBXGroup;
			children = (
				3055036321783BE9006C43A2 /* RunnerButton.swift */,
			);
			path = Views;
			sourceTree = "<group>";
		};
		30BB869921785928003F97DB /* Frameworks */ = {
			isa = PBXGroup;
			children = (
				30BB869A21785928003F97DB /* MapKit.framework */,
			);
			name = Frameworks;
			sourceTree = "<group>";
		};
/* End PBXGroup section */

/* Begin PBXNativeTarget section */
		3010DFA7217AE2BD00D8B387 /* FiveSensesUITests */ = {
			isa = PBXNativeTarget;
			buildConfigurationList = 3010DFB1217AE2BD00D8B387 /* Build configuration list for PBXNativeTarget "FiveSensesUITests" */;
			buildPhases = (
				3010DFA4217AE2BD00D8B387 /* Sources */,
				3010DFA5217AE2BD00D8B387 /* Frameworks */,
				3010DFA6217AE2BD00D8B387 /* Resources */,
			);
			buildRules = (
			);
			dependencies = (
				3010DFAE217AE2BD00D8B387 /* PBXTargetDependency */,
			);
			name = FiveSensesUITests;
			productName = FiveSensesUITests;
			productReference = 3010DFA8217AE2BD00D8B387 /* FiveSensesUITests.xctest */;
			productType = "com.apple.product-type.bundle.ui-testing";
		};
		305503322177E758006C43A2 /* FiveSenses */ = {
			isa = PBXNativeTarget;
			buildConfigurationList = 305503522177E759006C43A2 /* Build configuration list for PBXNativeTarget "FiveSenses" */;
			buildPhases = (
				3055032F2177E758006C43A2 /* Sources */,
				305503302177E758006C43A2 /* Frameworks */,
				305503312177E758006C43A2 /* Resources */,
			);
			buildRules = (
			);
			dependencies = (
			);
			name = FiveSenses;
			productName = FiveSenses;
			productReference = 305503332177E758006C43A2 /* FiveSenses.app */;
			productType = "com.apple.product-type.application";
		};
		305503482177E759006C43A2 /* FiveSensesTests */ = {
			isa = PBXNativeTarget;
			buildConfigurationList = 305503552177E759006C43A2 /* Build configuration list for PBXNativeTarget "FiveSensesTests" */;
			buildPhases = (
				305503452177E759006C43A2 /* Sources */,
				305503462177E759006C43A2 /* Frameworks */,
				305503472177E759006C43A2 /* Resources */,
			);
			buildRules = (
			);
			dependencies = (
				3055034B2177E759006C43A2 /* PBXTargetDependency */,
			);
			name = FiveSensesTests;
			productName = FiveSensesTests;
			productReference = 305503492177E759006C43A2 /* FiveSensesTests.xctest */;
			productType = "com.apple.product-type.bundle.unit-test";
		};
/* End PBXNativeTarget section */

/* Begin PBXProject section */
		3055032B2177E758006C43A2 /* Project object */ = {
			isa = PBXProject;
			attributes = {
				LastSwiftUpdateCheck = 1000;
				LastUpgradeCheck = 1000;
				ORGANIZATIONNAME = fi.unam.mx;
				TargetAttributes = {
					3010DFA7217AE2BD00D8B387 = {
						CreatedOnToolsVersion = 10.0;
						TestTargetID = 305503322177E758006C43A2;
					};
					305503322177E758006C43A2 = {
						CreatedOnToolsVersion = 10.0;
					};
					305503482177E759006C43A2 = {
						CreatedOnToolsVersion = 10.0;
						TestTargetID = 305503322177E758006C43A2;
					};
				};
			};
			buildConfigurationList = 3055032E2177E758006C43A2 /* Build configuration list for PBXProject "FiveSenses" */;
			compatibilityVersion = "Xcode 9.3";
			developmentRegion = en;
			hasScannedForEncodings = 0;
			knownRegions = (
				en,
				Base,
			);
			mainGroup = 3055032A2177E758006C43A2;
			productRefGroup = 305503342177E758006C43A2 /* Products */;
			projectDirPath = "";
			projectRoot = "";
			targets = (
				305503322177E758006C43A2 /* FiveSenses */,
				305503482177E759006C43A2 /* FiveSensesTests */,
				3010DFA7217AE2BD00D8B387 /* FiveSensesUITests */,
			);
		};
/* End PBXProject section */

/* Begin PBXResourcesBuildPhase section */
		3010DFA6217AE2BD00D8B387 /* Resources */ = {
			isa = PBXResourcesBuildPhase;
			buildActionMask = 2147483647;
			files = (
			);
			runOnlyForDeploymentPostprocessing = 0;
		};
		305503312177E758006C43A2 /* Resources */ = {
			isa = PBXResourcesBuildPhase;
			buildActionMask = 2147483647;
			files = (
				305503432177E759006C43A2 /* LaunchScreen.storyboard in Resources */,
				305503402177E759006C43A2 /* Assets.xcassets in Resources */,
				3055033E2177E758006C43A2 /* Main.storyboard in Resources */,
			);
			runOnlyForDeploymentPostprocessing = 0;
		};
		305503472177E759006C43A2 /* Resources */ = {
			isa = PBXResourcesBuildPhase;
			buildActionMask = 2147483647;
			files = (
			);
			runOnlyForDeploymentPostprocessing = 0;
		};
/* End PBXResourcesBuildPhase section */

/* Begin PBXSourcesBuildPhase section */
		3010DFA4217AE2BD00D8B387 /* Sources */ = {
			isa = PBXSourcesBuildPhase;
			buildActionMask = 2147483647;
			files = (
				3010DFAB217AE2BD00D8B387 /* FiveSensesUITests.swift in Sources */,
				3010DFB5217B738900D8B387 /* SnapshotHelper.swift in Sources */,
			);
			runOnlyForDeploymentPostprocessing = 0;
		};
		3055032F2177E758006C43A2 /* Sources */ = {
			isa = PBXSourcesBuildPhase;
			buildActionMask = 2147483647;
			files = (
				3055036621783F7B006C43A2 /* LocationViewController.swift in Sources */,
				3055035D21782910006C43A2 /* AccelerometerViewController.swift in Sources */,
				30BB869821785898003F97DB /* MapkitViewController.swift in Sources */,
				3055036121783B56006C43A2 /* CompasViewController.swift in Sources */,
				3076FF4A2179076600635174 /* Double+Radiants.swift in Sources */,
				3055036421783BE9006C43A2 /* RunnerButton.swift in Sources */,
				3055035F21783A08006C43A2 /* GyroscopeViewController.swift in Sources */,
				305503372177E758006C43A2 /* AppDelegate.swift in Sources */,
				3076FF482178FC4C00635174 /* Double+Present.swift in Sources */,
			);
			runOnlyForDeploymentPostprocessing = 0;
		};
		305503452177E759006C43A2 /* Sources */ = {
			isa = PBXSourcesBuildPhase;
			buildActionMask = 2147483647;
			files = (
				3055034E2177E759006C43A2 /* FiveSensesTests.swift in Sources */,
			);
			runOnlyForDeploymentPostprocessing = 0;
		};
/* End PBXSourcesBuildPhase section */

/* Begin PBXTargetDependency section */
		3010DFAE217AE2BD00D8B387 /* PBXTargetDependency */ = {
			isa = PBXTargetDependency;
			target = 305503322177E758006C43A2 /* FiveSenses */;
			targetProxy = 3010DFAD217AE2BD00D8B387 /* PBXContainerItemProxy */;
		};
		3055034B2177E759006C43A2 /* PBXTargetDependency */ = {
			isa = PBXTargetDependency;
			target = 305503322177E758006C43A2 /* FiveSenses */;
			targetProxy = 3055034A2177E759006C43A2 /* PBXContainerItemProxy */;
		};
/* End PBXTargetDependency section */

/* Begin PBXVariantGroup section */
		3055033C2177E758006C43A2 /* Main.storyboard */ = {
			isa = PBXVariantGroup;
			children = (
				3055033D2177E758006C43A2 /* Base */,
			);
			name = Main.storyboard;
			sourceTree = "<group>";
		};
		305503412177E759006C43A2 /* LaunchScreen.storyboard */ = {
			isa = PBXVariantGroup;
			children = (
				305503422177E759006C43A2 /* Base */,
			);
			name = LaunchScreen.storyboard;
			sourceTree = "<group>";
		};
/* End PBXVariantGroup section */

/* Begin XCBuildConfiguration section */
		3010DFAF217AE2BD00D8B387 /* Debug */ = {
			isa = XCBuildConfiguration;
			buildSettings = {
				CODE_SIGN_STYLE = Automatic;
				DEVELOPMENT_TEAM = D3XL2U7DQC;
				INFOPLIST_FILE = FiveSensesUITests/Info.plist;
				LD_RUNPATH_SEARCH_PATHS = (
					"$(inherited)",
					"@executable_path/Frameworks",
					"@loader_path/Frameworks",
				);
				PRODUCT_BUNDLE_IDENTIFIER = org.ezcurdia.FiveSensesUITests;
				PRODUCT_NAME = "$(TARGET_NAME)";
				SWIFT_VERSION = 4.2;
				TARGETED_DEVICE_FAMILY = "1,2";
				TEST_TARGET_NAME = FiveSenses;
			};
			name = Debug;
		};
		3010DFB0217AE2BD00D8B387 /* Release */ = {
			isa = XCBuildConfiguration;
			buildSettings = {
				CODE_SIGN_STYLE = Automatic;
				DEVELOPMENT_TEAM = D3XL2U7DQC;
				INFOPLIST_FILE = FiveSensesUITests/Info.plist;
				LD_RUNPATH_SEARCH_PATHS = (
					"$(inherited)",
					"@executable_path/Frameworks",
					"@loader_path/Frameworks",
				);
				PRODUCT_BUNDLE_IDENTIFIER = org.ezcurdia.FiveSensesUITests;
				PRODUCT_NAME = "$(TARGET_NAME)";
				SWIFT_VERSION = 4.2;
				TARGETED_DEVICE_FAMILY = "1,2";
				TEST_TARGET_NAME = FiveSenses;
			};
			name = Release;
		};
		305503502177E759006C43A2 /* Debug */ = {
			isa = XCBuildConfiguration;
			buildSettings = {
				ALWAYS_SEARCH_USER_PATHS = NO;
				CLANG_ANALYZER_NONNULL = YES;
				CLANG_ANALYZER_NUMBER_OBJECT_CONVERSION = YES_AGGRESSIVE;
				CLANG_CXX_LANGUAGE_STANDARD = "gnu++14";
				CLANG_CXX_LIBRARY = "libc++";
				CLANG_ENABLE_MODULES = YES;
				CLANG_ENABLE_OBJC_ARC = YES;
				CLANG_ENABLE_OBJC_WEAK = YES;
				CLANG_WARN_BLOCK_CAPTURE_AUTORELEASING = YES;
				CLANG_WARN_BOOL_CONVERSION = YES;
				CLANG_WARN_COMMA = YES;
				CLANG_WARN_CONSTANT_CONVERSION = YES;
				CLANG_WARN_DEPRECATED_OBJC_IMPLEMENTATIONS = YES;
				CLANG_WARN_DIRECT_OBJC_ISA_USAGE = YES_ERROR;
				CLANG_WARN_DOCUMENTATION_COMMENTS = YES;
				CLANG_WARN_EMPTY_BODY = YES;
				CLANG_WARN_ENUM_CONVERSION = YES;
				CLANG_WARN_INFINITE_RECURSION = YES;
				CLANG_WARN_INT_CONVERSION = YES;
				CLANG_WARN_NON_LITERAL_NULL_CONVERSION = YES;
				CLANG_WARN_OBJC_IMPLICIT_RETAIN_SELF = YES;
				CLANG_WARN_OBJC_LITERAL_CONVERSION = YES;
				CLANG_WARN_OBJC_ROOT_CLASS = YES_ERROR;
				CLANG_WARN_RANGE_LOOP_ANALYSIS = YES;
				CLANG_WARN_STRICT_PROTOTYPES = YES;
				CLANG_WARN_SUSPICIOUS_MOVE = YES;
				CLANG_WARN_UNGUARDED_AVAILABILITY = YES_AGGRESSIVE;
				CLANG_WARN_UNREACHABLE_CODE = YES;
				CLANG_WARN__DUPLICATE_METHOD_MATCH = YES;
				CODE_SIGN_IDENTITY = "iPhone Developer";
				COPY_PHASE_STRIP = NO;
				DEBUG_INFORMATION_FORMAT = dwarf;
				ENABLE_STRICT_OBJC_MSGSEND = YES;
				ENABLE_TESTABILITY = YES;
				GCC_C_LANGUAGE_STANDARD = gnu11;
				GCC_DYNAMIC_NO_PIC = NO;
				GCC_NO_COMMON_BLOCKS = YES;
				GCC_OPTIMIZATION_LEVEL = 0;
				GCC_PREPROCESSOR_DEFINITIONS = (
					"DEBUG=1",
					"$(inherited)",
				);
				GCC_WARN_64_TO_32_BIT_CONVERSION = YES;
				GCC_WARN_ABOUT_RETURN_TYPE = YES_ERROR;
				GCC_WARN_UNDECLARED_SELECTOR = YES;
				GCC_WARN_UNINITIALIZED_AUTOS = YES_AGGRESSIVE;
				GCC_WARN_UNUSED_FUNCTION = YES;
				GCC_WARN_UNUSED_VARIABLE = YES;
				IPHONEOS_DEPLOYMENT_TARGET = 12.0;
				MTL_ENABLE_DEBUG_INFO = INCLUDE_SOURCE;
				MTL_FAST_MATH = YES;
				ONLY_ACTIVE_ARCH = YES;
				SDKROOT = iphoneos;
				SWIFT_ACTIVE_COMPILATION_CONDITIONS = DEBUG;
				SWIFT_OPTIMIZATION_LEVEL = "-Onone";
			};
			name = Debug;
		};
		305503512177E759006C43A2 /* Release */ = {
			isa = XCBuildConfiguration;
			buildSettings = {
				ALWAYS_SEARCH_USER_PATHS = NO;
				CLANG_ANALYZER_NONNULL = YES;
				CLANG_ANALYZER_NUMBER_OBJECT_CONVERSION = YES_AGGRESSIVE;
				CLANG_CXX_LANGUAGE_STANDARD = "gnu++14";
				CLANG_CXX_LIBRARY = "libc++";
				CLANG_ENABLE_MODULES = YES;
				CLANG_ENABLE_OBJC_ARC = YES;
				CLANG_ENABLE_OBJC_WEAK = YES;
				CLANG_WARN_BLOCK_CAPTURE_AUTORELEASING = YES;
				CLANG_WARN_BOOL_CONVERSION = YES;
				CLANG_WARN_COMMA = YES;
				CLANG_WARN_CONSTANT_CONVERSION = YES;
				CLANG_WARN_DEPRECATED_OBJC_IMPLEMENTATIONS = YES;
				CLANG_WARN_DIRECT_OBJC_ISA_USAGE = YES_ERROR;
				CLANG_WARN_DOCUMENTATION_COMMENTS = YES;
				CLANG_WARN_EMPTY_BODY = YES;
				CLANG_WARN_ENUM_CONVERSION = YES;
				CLANG_WARN_INFINITE_RECURSION = YES;
				CLANG_WARN_INT_CONVERSION = YES;
				CLANG_WARN_NON_LITERAL_NULL_CONVERSION = YES;
				CLANG_WARN_OBJC_IMPLICIT_RETAIN_SELF = YES;
				CLANG_WARN_OBJC_LITERAL_CONVERSION = YES;
				CLANG_WARN_OBJC_ROOT_CLASS = YES_ERROR;
				CLANG_WARN_RANGE_LOOP_ANALYSIS = YES;
				CLANG_WARN_STRICT_PROTOTYPES = YES;
				CLANG_WARN_SUSPICIOUS_MOVE = YES;
				CLANG_WARN_UNGUARDED_AVAILABILITY = YES_AGGRESSIVE;
				CLANG_WARN_UNREACHABLE_CODE = YES;
				CLANG_WARN__DUPLICATE_METHOD_MATCH = YES;
				CODE_SIGN_IDENTITY = "iPhone Developer";
				COPY_PHASE_STRIP = NO;
				DEBUG_INFORMATION_FORMAT = "dwarf-with-dsym";
				ENABLE_NS_ASSERTIONS = NO;
				ENABLE_STRICT_OBJC_MSGSEND = YES;
				GCC_C_LANGUAGE_STANDARD = gnu11;
				GCC_NO_COMMON_BLOCKS = YES;
				GCC_WARN_64_TO_32_BIT_CONVERSION = YES;
				GCC_WARN_ABOUT_RETURN_TYPE = YES_ERROR;
				GCC_WARN_UNDECLARED_SELECTOR = YES;
				GCC_WARN_UNINITIALIZED_AUTOS = YES_AGGRESSIVE;
				GCC_WARN_UNUSED_FUNCTION = YES;
				GCC_WARN_UNUSED_VARIABLE = YES;
				IPHONEOS_DEPLOYMENT_TARGET = 12.0;
				MTL_ENABLE_DEBUG_INFO = NO;
				MTL_FAST_MATH = YES;
				SDKROOT = iphoneos;
				SWIFT_COMPILATION_MODE = wholemodule;
				SWIFT_OPTIMIZATION_LEVEL = "-O";
				VALIDATE_PRODUCT = YES;
			};
			name = Release;
		};
		305503532177E759006C43A2 /* Debug */ = {
			isa = XCBuildConfiguration;
			buildSettings = {
				ASSETCATALOG_COMPILER_APPICON_NAME = AppIcon;
				CODE_SIGN_STYLE = Automatic;
				CURRENT_PROJECT_VERSION = 2;
				DEVELOPMENT_TEAM = D3XL2U7DQC;
				INFOPLIST_FILE = FiveSenses/Info.plist;
				LD_RUNPATH_SEARCH_PATHS = (
					"$(inherited)",
					"@executable_path/Frameworks",
				);
				PRODUCT_BUNDLE_IDENTIFIER = org.ezcurdia.FiveSenses;
				PRODUCT_NAME = "$(TARGET_NAME)";
				SWIFT_VERSION = 4.2;
				TARGETED_DEVICE_FAMILY = "1,2";
				VERSIONING_SYSTEM = "apple-generic";
			};
			name = Debug;
		};
		305503542177E759006C43A2 /* Release */ = {
			isa = XCBuildConfiguration;
			buildSettings = {
				ASSETCATALOG_COMPILER_APPICON_NAME = AppIcon;
				CODE_SIGN_STYLE = Automatic;
				CURRENT_PROJECT_VERSION = 2;
				DEVELOPMENT_TEAM = D3XL2U7DQC;
				INFOPLIST_FILE = FiveSenses/Info.plist;
				LD_RUNPATH_SEARCH_PATHS = (
					"$(inherited)",
					"@executable_path/Frameworks",
				);
				PRODUCT_BUNDLE_IDENTIFIER = org.ezcurdia.FiveSenses;
				PRODUCT_NAME = "$(TARGET_NAME)";
				SWIFT_VERSION = 4.2;
				TARGETED_DEVICE_FAMILY = "1,2";
				VERSIONING_SYSTEM = "apple-generic";
			};
			name = Release;
		};
		305503562177E759006C43A2 /* Debug */ = {
			isa = XCBuildConfiguration;
			buildSettings = {
				ALWAYS_EMBED_SWIFT_STANDARD_LIBRARIES = YES;
				BUNDLE_LOADER = "$(TEST_HOST)";
				CODE_SIGN_STYLE = Automatic;
				DEVELOPMENT_TEAM = D3XL2U7DQC;
				INFOPLIST_FILE = FiveSensesTests/Info.plist;
				LD_RUNPATH_SEARCH_PATHS = (
					"$(inherited)",
					"@executable_path/Frameworks",
					"@loader_path/Frameworks",
				);
				PRODUCT_BUNDLE_IDENTIFIER = mx.unam.fi.FiveSensesTests;
				PRODUCT_NAME = "$(TARGET_NAME)";
				SWIFT_VERSION = 4.2;
				TARGETED_DEVICE_FAMILY = "1,2";
				TEST_HOST = "$(BUILT_PRODUCTS_DIR)/FiveSenses.app/FiveSenses";
			};
			name = Debug;
		};
		305503572177E759006C43A2 /* Release */ = {
			isa = XCBuildConfiguration;
			buildSettings = {
				ALWAYS_EMBED_SWIFT_STANDARD_LIBRARIES = YES;
				BUNDLE_LOADER = "$(TEST_HOST)";
				CODE_SIGN_STYLE = Automatic;
				DEVELOPMENT_TEAM = D3XL2U7DQC;
				INFOPLIST_FILE = FiveSensesTests/Info.plist;
				LD_RUNPATH_SEARCH_PATHS = (
					"$(inherited)",
					"@executable_path/Frameworks",
					"@loader_path/Frameworks",
				);
				PRODUCT_BUNDLE_IDENTIFIER = mx.unam.fi.FiveSensesTests;
				PRODUCT_NAME = "$(TARGET_NAME)";
				SWIFT_VERSION = 4.2;
				TARGETED_DEVICE_FAMILY = "1,2";
				TEST_HOST = "$(BUILT_PRODUCTS_DIR)/FiveSenses.app/FiveSenses";
			};
			name = Release;
		};
/* End XCBuildConfiguration section */

/* Begin XCConfigurationList section */
		3010DFB1217AE2BD00D8B387 /* Build configuration list for PBXNativeTarget "FiveSensesUITests" */ = {
			isa = XCConfigurationList;
			buildConfigurations = (
				3010DFAF217AE2BD00D8B387 /* Debug */,
				3010DFB0217AE2BD00D8B387 /* Release */,
			);
			defaultConfigurationIsVisible = 0;
			defaultConfigurationName = Release;
		};
		3055032E2177E758006C43A2 /* Build configuration list for PBXProject "FiveSenses" */ = {
			isa = XCConfigurationList;
			buildConfigurations = (
				305503502177E759006C43A2 /* Debug */,
				305503512177E759006C43A2 /* Release */,
			);
			defaultConfigurationIsVisible = 0;
			defaultConfigurationName = Release;
		};
		305503522177E759006C43A2 /* Build configuration list for PBXNativeTarget "FiveSenses" */ = {
			isa = XCConfigurationList;
			buildConfigurations = (
				305503532177E759006C43A2 /* Debug */,
				305503542177E759006C43A2 /* Release */,
			);
			defaultConfigurationIsVisible = 0;
			defaultConfigurationName = Release;
		};
		305503552177E759006C43A2 /* Build configuration list for PBXNativeTarget "FiveSensesTests" */ = {
			isa = XCConfigurationList;
			buildConfigurations = (
				305503562177E759006C43A2 /* Debug */,
				305503572177E759006C43A2 /* Release */,
			);
			defaultConfigurationIsVisible = 0;
			defaultConfigurationName = Release;
		};
/* End XCConfigurationList section */
	};
	rootObject = 3055032B2177E758006C43A2 /* Project object */;
}
